cloud.google.com/go v0.26.0/go.mod h1:aQUYkXzVsufM+DwF1aE+0xfcU+56JwCaLick0ClmMTw=
cloud.google.com/go v0.34.0/go.mod h1:aQUYkXzVsufM+DwF1aE+0xfcU+56JwCaLick0ClmMTw=
cloud.google.com/go v0.38.0/go.mod h1:990N+gfupTy94rShfmMCWGDn0LpTmnzTp2qbd1dvSRU=
cloud.google.com/go v0.43.0/go.mod h1:BOSR3VbTLkk6FDC/TcffxP4NF/FFBGA5ku+jvKOP7pg=
cloud.google.com/go v0.44.1/go.mod h1:iSa0KzasP4Uvy3f1mN/7PiObzGgflwredwwASm/v6AU=
cloud.google.com/go v0.44.2/go.mod h1:60680Gw3Yr4ikxnPRS/oxxkBccT6SA1yMk63TGekxKY=
cloud.google.com/go v0.44.3/go.mod h1:60680Gw3Yr4ikxnPRS/oxxkBccT6SA1yMk63TGekxKY=
cloud.google.com/go v0.45.1/go.mod h1:RpBamKRgapWJb87xiFSdk4g1CME7QZg3uwTez+TSTjc=
cloud.google.com/go v0.46.3/go.mod h1:a6bKKbmY7er1mI7TEI4lsAkts/mkhTSZK8w33B4RAg0=
cloud.google.com/go v0.50.0/go.mod h1:r9sluTvynVuxRIOHXQEHMFffphuXHOMZMycpNR5e6To=
cloud.google.com/go v0.51.0/go.mod h1:hWtGJ6gnXH+KgDv+V0zFGDvpi07n3z8ZNj3T1RW0Gcw=
cloud.google.com/go v0.52.0/go.mod h1:pXajvRH/6o3+F9jDHZWQ5PbGhn+o8w9qiu/CffaVdO4=
cloud.google.com/go v0.53.0/go.mod h1:fp/UouUEsRkN6ryDKNW/Upv/JBKnv6WDthjR6+vze6M=
cloud.google.com/go v0.54.0/go.mod h1:1rq2OEkV3YMf6n/9ZvGWI3GWw0VoqH/1x2nd8Is/bPc=
cloud.google.com/go v0.56.0/go.mod h1:jr7tqZxxKOVYizybht9+26Z/gUq7tiRzu+ACVAMbKVk=
cloud.google.com/go v0.57.0/go.mod h1:oXiQ6Rzq3RAkkY7N6t3TcE6jE+CIBBbA36lwQ1JyzZs=
cloud.google.com/go v0.62.0/go.mod h1:jmCYTdRCQuc1PHIIJ/maLInMho30T/Y0M4hTdTShOYc=
cloud.google.com/go v0.65.0/go.mod h1:O5N8zS7uWy9vkA9vayVHs65eM1ubvY4h553ofrNHObY=
cloud.google.com/go v0.72.0/go.mod h1:M+5Vjvlc2wnp6tjzE102Dw08nGShTscUx2nZMufOKPI=
cloud.google.com/go v0.74.0/go.mod h1:VV1xSbzvo+9QJOxLDaJfTjx5e+MePCpCWwvftOeQmWk=
cloud.google.com/go v0.75.0/go.mod h1:VGuuCn7PG0dwsd5XPVm2Mm3wlh3EL55/79EKB6hlPTY=
cloud.google.com/go v0.78.0/go.mod h1:QjdrLG0uq+YwhjoVOLsS1t7TW8fs36kLs4XO5R5ECHg=
cloud.google.com/go v0.79.0/go.mod h1:3bzgcEeQlzbuEAYu4mrWhKqWjmpprinYgKJLgKHnbb8=
cloud.google.com/go v0.81.0/go.mod h1:mk/AM35KwGk/Nm2YSeZbxXdrNK3KZOYHmLkOqC2V6E0=
cloud.google.com/go v0.83.0/go.mod h1:Z7MJUsANfY0pYPdw0lbnivPx4/vhy/e2FEkSkF7vAVY=
cloud.google.com/go v0.84.0/go.mod h1:RazrYuxIK6Kb7YrzzhPoLmCVzl7Sup4NrbKPg8KHSUM=
cloud.google.com/go v0.87.0/go.mod h1:TpDYlFy7vuLzZMMZ+B6iRiELaY7z/gJPaqbMx6mlWcY=
cloud.google.com/go v0.90.0/go.mod h1:kRX0mNRHe0e2rC6oNakvwQqzyDmg57xJ+SZU1eT2aDQ=
cloud.google.com/go v0.93.3/go.mod h1:8utlLll2EF5XMAV15woO4lSbWQlk8rer9aLOfLh7+YI=
cloud.google.com/go v0.94.1/go.mod h1:qAlAugsXlC+JWO+Bke5vCtc9ONxjQT3drlTTnAplMW4=
cloud.google.com/go v0.97.0/go.mod h1:GF7l59pYBVlXQIBLx3a761cZ41F9bBH3JUlihCt2Udc=
cloud.google.com/go v0.99.0/go.mod h1:w0Xx2nLzqWJPuozYQX+hFfCSI8WioryfRDzkoI/Y2ZA=
cloud.google.com/go v0.100.2/go.mod h1:4Xra9TjzAeYHrl5+oeLlzbM2k3mjVhZh4UqTZ//w99A=
cloud.google.com/go v0.102.0/go.mod h1:oWcCzKlqJ5zgHQt9YsaeTY9KzIvjyy0ArmiBUgpQ+nc=
cloud.google.com/go v0.102.1/go.mod h1:XZ77E9qnTEnrgEOvr4xzfdX5TRo7fB4T2F4O6+34hIU=
cloud.google.com/go v0.104.0/go.mod h1:OO6xxXdJyvuJPcEPBLN9BJPD+jep5G1+2U5B5gkRYtA=
cloud.google.com/go v0.110.7 h1:rJyC7nWRg2jWGZ4wSJ5nY65GTdYJkg0cd/uXb+ACI6o=
cloud.google.com/go v0.110.7/go.mod h1:+EYjdK8e5RME/VY/qLCAtuyALQ9q67dvuum8i+H5xsI=
cloud.google.com/go/aiplatform v1.22.0/go.mod h1:ig5Nct50bZlzV6NvKaTwmplLLddFx0YReh9WfTO5jKw=
cloud.google.com/go/aiplatform v1.24.0/go.mod h1:67UUvRBKG6GTayHKV8DBv2RtR1t93YRu5B1P3x99mYY=
cloud.google.com/go/analytics v0.11.0/go.mod h1:DjEWCu41bVbYcKyvlws9Er60YE4a//bK6mnhWvQeFNI=
cloud.google.com/go/analytics v0.12.0/go.mod h1:gkfj9h6XRf9+TS4bmuhPEShsh3hH8PAZzm/41OOhQd4=
cloud.google.com/go/area120 v0.5.0/go.mod h1:DE/n4mp+iqVyvxHN41Vf1CR602GiHQjFPusMFW6bGR4=
cloud.google.com/go/area120 v0.6.0/go.mod h1:39yFJqWVgm0UZqWTOdqkLhjoC7uFfgXRC8g/ZegeAh0=
cloud.google.com/go/artifactregistry v1.6.0/go.mod h1:IYt0oBPSAGYj/kprzsBjZ/4LnG/zOcHyFHjWPCi6SAQ=
cloud.google.com/go/artifactregistry v1.7.0/go.mod h1:mqTOFOnGZx8EtSqK/ZWcsm/4U8B77rbcLP6ruDU2Ixk=
cloud.google.com/go/asset v1.5.0/go.mod h1:5mfs8UvcM5wHhqtSv8J1CtxxaQq3AdBxxQi2jGW/K4o=
cloud.google.com/go/asset v1.7.0/go.mod h1:YbENsRK4+xTiL+Ofoj5Ckf+O17kJtgp3Y3nn4uzZz5s=
cloud.google.com/go/asset v1.8.0/go.mod h1:mUNGKhiqIdbr8X7KNayoYvyc4HbbFO9URsjbytpUaW0=
cloud.google.com/go/assuredworkloads v1.5.0/go.mod h1:n8HOZ6pff6re5KYfBXcFvSViQjDwxFkAkmUFffJRbbY=
cloud.google.com/go/assuredworkloads v1.6.0/go.mod h1:yo2YOk37Yc89Rsd5QMVECvjaMKymF9OP+QXWlKXUkXw=
cloud.google.com/go/assuredworkloads v1.7.0/go.mod h1:z/736/oNmtGAyU47reJgGN+KVoYoxeLBoj4XkKYscNI=
cloud.google.com/go/automl v1.5.0/go.mod h1:34EjfoFGMZ5sgJ9EoLsRtdPSNZLcfflJR39VbVNS2M0=
cloud.google.com/go/automl v1.6.0/go.mod h1:ugf8a6Fx+zP0D59WLhqgTDsQI9w07o64uf/Is3Nh5p8=
cloud.google.com/go/bigquery v1.0.1/go.mod h1:i/xbL2UlR5RvWAURpBYZTtm/cXjCha9lbfbpx4poX+o=
cloud.google.com/go/bigquery v1.3.0/go.mod h1:PjpwJnslEMmckchkHFfq+HTD2DmtT67aNFKH1/VBDHE=
cloud.google.com/go/bigquery v1.4.0/go.mod h1:S8dzgnTigyfTmLBfrtrhyYhwRxG72rYxvftPBK2Dvzc=
cloud.google.com/go/bigquery v1.5.0/go.mod h1:snEHRnqQbz117VIFhE8bmtwIDY80NLUZUMb4Nv6dBIg=
cloud.google.com/go/bigquery v1.7.0/go.mod h1://okPTzCYNXSlb24MZs83e2Do+h+VXtc4gLoIoXIAPc=
cloud.google.com/go/bigquery v1.8.0/go.mod h1:J5hqkt3O0uAFnINi6JXValWIb1v0goeZM77hZzJN/fQ=
cloud.google.com/go/bigquery v1.42.0/go.mod h1:8dRTJxhtG+vwBKzE5OseQn/hiydoQN3EedCaOdYmxRA=
cloud.google.com/go/bigtable v1.2.0/go.mod h1:JcVAOl45lrTmQfLj7T6TxyMzIN/3FGGcFm+2xVAli2o=
cloud.google.com/go/billing v1.4.0/go.mod h1:g9IdKBEFlItS8bTtlrZdVLWSSdSyFUZKXNS02zKMOZY=
cloud.google.com/go/billing v1.5.0/go.mod h1:mztb1tBc3QekhjSgmpf/CV4LzWXLzCArwpLmP2Gm88s=
cloud.google.com/go/binaryauthorization v1.1.0/go.mod h1:xwnoWu3Y84jbuHa0zd526MJYmtnVXn0syOjaJgy4+dM=
cloud.google.com/go/binaryauthorization v1.2.0/go.mod h1:86WKkJHtRcv5ViNABtYMhhNWRrD1Vpi//uKEy7aYEfI=
cloud.google.com/go/cloudtasks v1.5.0/go.mod h1:fD92REy1x5woxkKEkLdvavGnPJGEn8Uic9nWuLzqCpY=
cloud.google.com/go/cloudtasks v1.6.0/go.mod h1:C6Io+sxuke9/KNRkbQpihnW93SWDU3uXt92nu85HkYI=
cloud.google.com/go/compute v0.1.0/go.mod h1:GAesmwr110a34z04OlxYkATPBEfVhkymfTBXtfbBFow=
cloud.google.com/go/compute v1.3.0/go.mod h1:cCZiE1NHEtai4wiufUhW8I8S1JKkAnhnQJWM7YD99wM=
cloud.google.com/go/compute v1.5.0/go.mod h1:9SMHyhJlzhlkJqrPAc839t2BZFTSk6Jdj6mkzQJeu0M=
cloud.google.com/go/compute v1.6.0/go.mod h1:T29tfhtVbq1wvAPo0E3+7vhgmkOYeXjhFvz/FMzPu0s=
cloud.google.com/go/compute v1.6.1/go.mod h1:g85FgpzFvNULZ+S8AYq87axRKuf2Kh7deLqV/jJ3thU=
cloud.google.com/go/compute v1.7.0/go.mod h1:435lt8av5oL9P3fv1OEzSbSUe+ybHXGMPQHHZWZxy9U=
cloud.google.com/go/compute v1.10.0/go.mod h1:ER5CLbMxl90o2jtNbGSbtfOpQKR0t15FOtRsugnLrlU=
cloud.google.com/go/compute v1.23.0 h1:tP41Zoavr8ptEqaW6j+LQOnyBBhO7OkOMAGrgLopTwY=
cloud.google.com/go/compute v1.23.0/go.mod h1:4tCnrn48xsqlwSAiLf1HXMQk8CONslYbdiEZc9FEIbM=
cloud.google.com/go/compute/metadata v0.2.3 h1:mg4jlk7mCAj6xXp9UJ4fjI9VUI5rubuGBW5aJ7UnBMY=
cloud.google.com/go/compute/metadata v0.2.3/go.mod h1:VAV5nSsACxMJvgaAuX6Pk2AawlZn8kiOGuCv6gTkwuA=
cloud.google.com/go/containeranalysis v0.5.1/go.mod h1:1D92jd8gRR/c0fGMlymRgxWD3Qw9C1ff6/T7mLgVL8I=
cloud.google.com/go/containeranalysis v0.6.0/go.mod h1:HEJoiEIu+lEXM+k7+qLCci0h33lX3ZqoYFdmPcoO7s4=
cloud.google.com/go/datacatalog v1.3.0/go.mod h1:g9svFY6tuR+j+hrTw3J2dNcmI0dzmSiyOzm8kpLq0a0=
cloud.google.com/go/datacatalog v1.5.0/go.mod h1:M7GPLNQeLfWqeIm3iuiruhPzkt65+Bx8dAKvScX8jvs=
cloud.google.com/go/datacatalog v1.6.0/go.mod h1:+aEyF8JKg+uXcIdAmmaMUmZ3q1b/lKLtXCmXdnc0lbc=
cloud.google.com/go/dataflow v0.6.0/go.mod h1:9QwV89cGoxjjSR9/r7eFDqqjtvbKxAK2BaYU6PVk9UM=
cloud.google.com/go/dataflow v0.7.0/go.mod h1:PX526vb4ijFMesO1o202EaUmouZKBpjHsTlCtB4parQ=
cloud.google.com/go/dataform v0.3.0/go.mod h1:cj8uNliRlHpa6L3yVhDOBrUXH+BPAO1+KFMQQNSThKo=
cloud.google.com/go/dataform v0.4.0/go.mod h1:fwV6Y4Ty2yIFL89huYlEkwUPtS7YZinZbzzj5S9FzCE=
cloud.google.com/go/datalabeling v0.5.0/go.mod h1:TGcJ0G2NzcsXSE/97yWjIZO0bXj0KbVlINXMG9ud42I=
cloud.google.com/go/datalabeling v0.6.0/go.mod h1:WqdISuk/+WIGeMkpw/1q7bK/tFEZxsrFJOJdY2bXvTQ=
cloud.google.com/go/dataqna v0.5.0/go.mod h1:90Hyk596ft3zUQ8NkFfvICSIfHFh1Bc7C4cK3vbhkeo=
cloud.google.com/go/dataqna v0.6.0/go.mod h1:1lqNpM7rqNLVgWBJyk5NF6Uen2PHym0jtVJonplVsDA=
cloud.google.com/go/datastore v1.0.0/go.mod h1:LXYbyblFSglQ5pkeyhO+Qmw7ukd3C+pD7TKLgZqpHYE=
cloud.google.com/go/datastore v1.1.0/go.mod h1:umbIZjpQpHh4hmRpGhH4tLFup+FVzqBi1b3c64qFpCk=
cloud.google.com/go/datastream v1.2.0/go.mod h1:i/uTP8/fZwgATHS/XFu0TcNUhuA0twZxxQ3EyCUQMwo=
cloud.google.com/go/datastream v1.3.0/go.mod h1:cqlOX8xlyYF/uxhiKn6Hbv6WjwPPuI9W2M9SAXwaLLQ=
cloud.google.com/go/dialogflow v1.15.0/go.mod h1:HbHDWs33WOGJgn6rfzBW1Kv807BE3O1+xGbn59zZWI4=
cloud.google.com/go/dialogflow v1.16.1/go.mod h1:po6LlzGfK+smoSmTBnbkIZY2w8ffjz/RcGSS+sh1el0=
cloud.google.com/go/dialogflow v1.17.0/go.mod h1:YNP09C/kXA1aZdBgC/VtXX74G/TKn7XVCcVumTflA+8=
cloud.google.com/go/documentai v1.7.0/go.mod h1:lJvftZB5NRiFSX4moiye1SMxHx0Bc3x1+p9e/RfXYiU=
cloud.google.com/go/documentai v1.8.0/go.mod h1:xGHNEB7CtsnySCNrCFdCyyMz44RhFEEX2Q7UD0c5IhU=
cloud.google.com/go/domains v0.6.0/go.mod h1:T9Rz3GasrpYk6mEGHh4rymIhjlnIuB4ofT1wTxDeT4Y=
cloud.google.com/go/domains v0.7.0/go.mod h1:PtZeqS1xjnXuRPKE/88Iru/LdfoRyEHYA9nFQf4UKpg=
cloud.google.com/go/edgecontainer v0.1.0/go.mod h1:WgkZ9tp10bFxqO8BLPqv2LlfmQF1X8lZqwW4r1BTajk=
cloud.google.com/go/edgecontainer v0.2.0/go.mod h1:RTmLijy+lGpQ7BXuTDa4C4ssxyXT34NIuHIgKuP4s5w=
cloud.google.com/go/functions v1.6.0/go.mod h1:3H1UA3qiIPRWD7PeZKLvHZ9SaQhR26XIJcC0A5GbvAk=
cloud.google.com/go/functions v1.7.0/go.mod h1:+d+QBcWM+RsrgZfV9xo6KfA1GlzJfxcfZcRPEhDDfzg=
cloud.google.com/go/gaming v1.5.0/go.mod h1:ol7rGcxP/qHTRQE/RO4bxkXq+Fix0j6D4LFPzYTIrDM=
cloud.google.com/go/gaming v1.6.0/go.mod h1:YMU1GEvA39Qt3zWGyAVA9bpYz/yAhTvaQ1t2sK4KPUA=
cloud.google.com/go/gkeconnect v0.5.0/go.mod h1:c5lsNAg5EwAy7fkqX/+goqFsU1Da/jQFqArp+wGNr/o=
cloud.google.com/go/gkeconnect v0.6.0/go.mod h1:Mln67KyU/sHJEBY8kFZ0xTeyPtzbq9StAVvEULYK16A=
cloud.google.com/go/gkehub v0.9.0/go.mod h1:WYHN6WG8w9bXU0hqNxt8rm5uxnk8IH+lPY9J2TV7BK0=
cloud.google.com/go/gkehub v0.10.0/go.mod h1:UIPwxI0DsrpsVoWpLB0stwKCP+WFVG9+y977wO+hBH0=
cloud.google.com/go/grafeas v0.2.0/go.mod h1:KhxgtF2hb0P191HlY5besjYm6MqTSTj3LSI+M+ByZHc=
cloud.google.com/go/iam v0.3.0/go.mod h1:XzJPvDayI+9zsASAFO68Hk07u3z+f+JrT2xXNdp4bnY=
cloud.google.com/go/iam v0.5.0/go.mod h1:wPU9Vt0P4UmCux7mqtRu6jcpPAb74cP1fh50J3QpkUc=
cloud.google.com/go/iam v1.1.1 h1:lW7fzj15aVIXYHREOqjRBV9PsH0Z6u8Y46a1YGvQP4Y=
cloud.google.com/go/iam v1.1.1/go.mod h1:A5avdyVL2tCppe4unb0951eI9jreack+RJ0/d+KUZOU=
cloud.google.com/go/language v1.4.0/go.mod h1:F9dRpNFQmJbkaop6g0JhSBXCNlO90e1KWx5iDdxbWic=
cloud.google.com/go/language v1.6.0/go.mod h1:6dJ8t3B+lUYfStgls25GusK04NLh3eDLQnWM3mdEbhI=
cloud.google.com/go/lifesciences v0.5.0/go.mod h1:3oIKy8ycWGPUyZDR/8RNnTOYevhaMLqh5vLUXs9zvT8=
cloud.google.com/go/lifesciences v0.6.0/go.mod h1:ddj6tSX/7BOnhxCSd3ZcETvtNr8NZ6t/iPhY2Tyfu08=
cloud.google.com/go/mediatranslation v0.5.0/go.mod h1:jGPUhGTybqsPQn91pNXw0xVHfuJ3leR1wj37oU3y1f4=
cloud.google.com/go/mediatranslation v0.6.0/go.mod h1:hHdBCTYNigsBxshbznuIMFNe5QXEowAuNmmC7h8pu5w=
cloud.google.com/go/memcache v1.4.0/go.mod h1:rTOfiGZtJX1AaFUrOgsMHX5kAzaTQ8azHiuDoTPzNsE=
cloud.google.com/go/memcache v1.5.0/go.mod h1:dk3fCK7dVo0cUU2c36jKb4VqKPS22BTkf81Xq617aWM=
cloud.google.com/go/metastore v1.5.0/go.mod h1:2ZNrDcQwghfdtCwJ33nM0+GrBGlVuh8rakL3vdPY3XY=
cloud.google.com/go/metastore v1.6.0/go.mod h1:6cyQTls8CWXzk45G55x57DVQ9gWg7RiH65+YgPsNh9s=
cloud.google.com/go/networkconnectivity v1.4.0/go.mod h1:nOl7YL8odKyAOtzNX73/M5/mGZgqqMeryi6UPZTk/rA=
cloud.google.com/go/networkconnectivity v1.5.0/go.mod h1:3GzqJx7uhtlM3kln0+x5wyFvuVH1pIBJjhCpjzSt75o=
cloud.google.com/go/networksecurity v0.5.0/go.mod h1:xS6fOCoqpVC5zx15Z/MqkfDwH4+m/61A3ODiDV1xmiQ=
cloud.google.com/go/networksecurity v0.6.0/go.mod h1:Q5fjhTr9WMI5mbpRYEbiexTzROf7ZbDzvzCrNl14nyU=
cloud.google.com/go/notebooks v1.2.0/go.mod h1:9+wtppMfVPUeJ8fIWPOq1UnATHISkGXGqTkxeieQ6UY=
cloud.google.com/go/notebooks v1.3.0/go.mod h1:bFR5lj07DtCPC7YAAJ//vHskFBxA5JzYlH68kXVdk34=
cloud.google.com/go/osconfig v1.7.0/go.mod h1:oVHeCeZELfJP7XLxcBGTMBvRO+1nQ5tFG9VQTmYS2Fs=
cloud.google.com/go/osconfig v1.8.0/go.mod h1:EQqZLu5w5XA7eKizepumcvWx+m8mJUhEwiPqWiZeEdg=
cloud.google.com/go/oslogin v1.4.0/go.mod h1:YdgMXWRaElXz/lDk1Na6Fh5orF7gvmJ0FGLIs9LId4E=
cloud.google.com/go/oslogin v1.5.0/go.mod h1:D260Qj11W2qx/HVF29zBg+0fd6YCSjSqLUkY/qEenQU=
cloud.google.com/go/phishingprotection v0.5.0/go.mod h1:Y3HZknsK9bc9dMi+oE8Bim0lczMU6hrX0UpADuMefr0=
cloud.google.com/go/phishingprotection v0.6.0/go.mod h1:9Y3LBLgy0kDTcYET8ZH3bq/7qni15yVUoAxiFxnlSUA=
cloud.google.com/go/privatecatalog v0.5.0/go.mod h1:XgosMUvvPyxDjAVNDYxJ7wBW8//hLDDYmnsNcMGq1K0=
cloud.google.com/go/privatecatalog v0.6.0/go.mod h1:i/fbkZR0hLN29eEWiiwue8Pb+GforiEIBnV9yrRUOKI=
cloud.google.com/go/pubsub v1.0.1/go.mod h1:R0Gpsv3s54REJCy4fxDixWD93lHJMoZTyQ2kNxGRt3I=
cloud.google.com/go/pubsub v1.1.0/go.mod h1:EwwdRX2sKPjnvnqCa270oGRyludottCI76h+R3AArQw=
cloud.google.com/go/pubsub v1.2.0/go.mod h1:jhfEVHT8odbXTkndysNHCcx0awwzvfOlguIAii9o8iA=
cloud.google.com/go/pubsub v1.3.1/go.mod h1:i+ucay31+CNRpDW4Lu78I4xXG+O1r/MAHgjpRVR+TSU=
cloud.google.com/go/recaptchaenterprise v1.3.1/go.mod h1:OdD+q+y4XGeAlxRaMn1Y7/GveP6zmq76byL6tjPE7d4=
cloud.google.com/go/recaptchaenterprise/v2 v2.1.0/go.mod h1:w9yVqajwroDNTfGuhmOjPDN//rZGySaf6PtFVcSCa7o=
cloud.google.com/go/recaptchaenterprise/v2 v2.2.0/go.mod h1:/Zu5jisWGeERrd5HnlS3EUGb/D335f9k51B/FVil0jk=
cloud.google.com/go/recaptchaenterprise/v2 v2.3.0/go.mod h1:O9LwGCjrhGHBQET5CA7dd5NwwNQUErSgEDit1DLNTdo=
cloud.google.com/go/recommendationengine v0.5.0/go.mod h1:E5756pJcVFeVgaQv3WNpImkFP8a+RptV6dDLGPILjvg=
cloud.google.com/go/recommendationengine v0.6.0/go.mod h1:08mq2umu9oIqc7tDy8sx+MNJdLG0fUi3vaSVbztHgJ4=
cloud.google.com/go/recommender v1.5.0/go.mod h1:jdoeiBIVrJe9gQjwd759ecLJbxCDED4A6p+mqoqDvTg=
cloud.google.com/go/recommender v1.6.0/go.mod h1:+yETpm25mcoiECKh9DEScGzIRyDKpZ0cEhWGo+8bo+c=
cloud.google.com/go/redis v1.7.0/go.mod h1:V3x5Jq1jzUcg+UNsRvdmsfuFnit1cfe3Z/PGyq/lm4Y=
cloud.google.com/go/redis v1.8.0/go.mod h1:Fm2szCDavWzBk2cDKxrkmWBqoCiL1+Ctwq7EyqBCA/A=
cloud.google.com/go/retail v1.8.0/go.mod h1:QblKS8waDmNUhghY2TI9O3JLlFk8jybHeV4BF19FrE4=
cloud.google.com/go/retail v1.9.0/go.mod h1:g6jb6mKuCS1QKnH/dpu7isX253absFl6iE92nHwlBUY=
cloud.google.com/go/scheduler v1.4.0/go.mod h1:drcJBmxF3aqZJRhmkHQ9b3uSSpQoltBPGPxGAWROx6s=
cloud.google.com/go/scheduler v1.5.0/go.mod h1:ri073ym49NW3AfT6DZi21vLZrG07GXr5p3H1KxN5QlI=
cloud.google.com/go/secretmanager v1.6.0/go.mod h1:awVa/OXF6IiyaU1wQ34inzQNc4ISIDIrId8qE5QGgKA=
cloud.google.com/go/security v1.5.0/go.mod h1:lgxGdyOKKjHL4YG3/YwIL2zLqMFCKs0UbQwgyZmfJl4=
cloud.google.com/go/security v1.7.0/go.mod h1:mZklORHl6Bg7CNnnjLH//0UlAlaXqiG7Lb9PsPXLfD0=
cloud.google.com/go/security v1.8.0/go.mod h1:hAQOwgmaHhztFhiQ41CjDODdWP0+AE1B3sX4OFlq+GU=
cloud.google.com/go/securitycenter v1.13.0/go.mod h1:cv5qNAqjY84FCN6Y9z28WlkKXyWsgLO832YiWwkCWcU=
cloud.google.com/go/securitycenter v1.14.0/go.mod h1:gZLAhtyKv85n52XYWt6RmeBdydyxfPeTrpToDPw4Auc=
cloud.google.com/go/servicedirectory v1.4.0/go.mod h1:gH1MUaZCgtP7qQiI+F+A+OpeKF/HQWgtAddhTbhL2bs=
cloud.google.com/go/servicedirectory v1.5.0/go.mod h1:QMKFL0NUySbpZJ1UZs3oFAmdvVxhhxB6eJ/Vlp73dfg=
cloud.google.com/go/speech v1.6.0/go.mod h1:79tcr4FHCimOp56lwC01xnt/WPJZc4v3gzyT7FoBkCM=
cloud.google.com/go/speech v1.7.0/go.mod h1:KptqL+BAQIhMsj1kOP2la5DSEEerPDuOP/2mmkhHhZQ=
cloud.google.com/go/storage v1.0.0/go.mod h1:IhtSnM/ZTZV8YYJWCY8RULGVqBDmpoyjwiyrjsg+URw=
cloud.google.com/go/storage v1.5.0/go.mod h1:tpKbwo567HUNpVclU5sGELwQWBDZ8gh0ZeosJ0Rtdos=
cloud.google.com/go/storage v1.6.0/go.mod h1:N7U0C8pVQ/+NIKOBQyamJIeKQKkZ+mxpohlUTyfDhBk=
cloud.google.com/go/storage v1.8.0/go.mod h1:Wv1Oy7z6Yz3DshWRJFhqM/UCfaWIRTdp0RXyy7KQOVs=
cloud.google.com/go/storage v1.10.0/go.mod h1:FLPqc6j+Ki4BU591ie1oL6qBQGu2Bl/tZ9ullr3+Kg0=
cloud.google.com/go/storage v1.14.0/go.mod h1:GrKmX003DSIwi9o29oFT7YDnHYwZoctc3fOKtUw0Xmo=
cloud.google.com/go/storage v1.22.1/go.mod h1:S8N1cAStu7BOeFfE8KAQzmyyLkK8p/vmRq6kuBTW58Y=
cloud.google.com/go/storage v1.23.0/go.mod h1:vOEEDNFnciUMhBeT6hsJIn3ieU5cFRmzeLgDvXzfIXc=
cloud.google.com/go/storage v1.27.0/go.mod h1:x9DOL8TK/ygDUMieqwfhdpQryTeEkhGKMi80i/iqR2s=
cloud.google.com/go/storage v1.31.0 h1:+S3LjjEN2zZ+L5hOwj4+1OkGCsLVe0NzpXKQ1pSdTCI=
cloud.google.com/go/storage v1.31.0/go.mod h1:81ams1PrhW16L4kF7qg+4mTq7SRs5HsbDTM0bWvrwJ0=
cloud.google.com/go/talent v1.1.0/go.mod h1:Vl4pt9jiHKvOgF9KoZo6Kob9oV4lwd/ZD5Cto54zDRw=
cloud.google.com/go/talent v1.2.0/go.mod h1:MoNF9bhFQbiJ6eFD3uSsg0uBALw4n4gaCaEjBw9zo8g=
cloud.google.com/go/videointelligence v1.6.0/go.mod h1:w0DIDlVRKtwPCn/C4iwZIJdvC69yInhW0cfi+p546uU=
cloud.google.com/go/videointelligence v1.7.0/go.mod h1:k8pI/1wAhjznARtVT9U1llUaFNPh7muw8QyOUpavru4=
cloud.google.com/go/vision v1.2.0/go.mod h1:SmNwgObm5DpFBme2xpyOyasvBc1aPdjvMk2bBk0tKD0=
cloud.google.com/go/vision/v2 v2.2.0/go.mod h1:uCdV4PpN1S0jyCyq8sIM42v2Y6zOLkZs+4R9LrGYwFo=
cloud.google.com/go/vision/v2 v2.3.0/go.mod h1:UO61abBx9QRMFkNBbf1D8B1LXdS2cGiiCRx0vSpZoUo=
cloud.google.com/go/webrisk v1.4.0/go.mod h1:Hn8X6Zr+ziE2aNd8SliSDWpEnSS1u4R9+xXZmFiHmGE=
cloud.google.com/go/webrisk v1.5.0/go.mod h1:iPG6fr52Tv7sGk0H6qUFzmL3HHZev1htXuWDEEsqMTg=
cloud.google.com/go/workflows v1.6.0/go.mod h1:6t9F5h/unJz41YqfBmqSASJSXccBLtD1Vwf+KmJENM0=
cloud.google.com/go/workflows v1.7.0/go.mod h1:JhSrZuVZWuiDfKEFxU0/F1PQjmpnpcoISEXH2bcHC3M=
collectd.org v0.3.0/go.mod h1:A/8DzQBkF6abtvrT2j/AU/4tiBgJWYyh0y/oB/4MlWE=
cosmossdk.io/api v0.3.1 h1:NNiOclKRR0AOlO4KIqeaG6PS6kswOMhHD0ir0SscNXE=
cosmossdk.io/api v0.3.1/go.mod h1:DfHfMkiNA2Uhy8fj0JJlOCYOBp4eWUUJ1te5zBGNyIw=
cosmossdk.io/core v0.6.1-0.20230309163709-87da587416ba h1:kSnaDzbwMInpQYwz8ESgvi6ceUQWcXAJdEVZW454dX0=
cosmossdk.io/core v0.6.1-0.20230309163709-87da587416ba/go.mod h1:WiFk9ZQbFVBHk9AqQIkLFqyj30NPQB6C45CIeAZxDcw=
cosmossdk.io/depinject v1.0.0-alpha.3 h1:6evFIgj//Y3w09bqOUOzEpFj5tsxBqdc5CfkO7z+zfw=
cosmossdk.io/depinject v1.0.0-alpha.3/go.mod h1:eRbcdQ7MRpIPEM5YUJh8k97nxHpYbc3sMUnEtt8HPWU=
cosmossdk.io/errors v1.0.0 h1:nxF07lmlBbB8NKQhtJ+sJm6ef5uV1XkvPXG2bUntb04=
cosmossdk.io/errors v1.0.0/go.mod h1:+hJZLuhdDE0pYN8HkOrVNwrIOYvUGnn6+4fjnJs/oV0=
cosmossdk.io/log v1.2.0 h1:BbykkDsutXPSy8RojFB3KZEWyvMsToLy0ykb/ZhsLqQ=
cosmossdk.io/log v1.2.0/go.mod h1:GNSCc/6+DhFIj1aLn/j7Id7PaO8DzNylUZoOYBL9+I4=
cosmossdk.io/math v1.0.1 h1:Qx3ifyOPaMLNH/89WeZFH268yCvU4xEcnPLu3sJqPPg=
cosmossdk.io/math v1.0.1/go.mod h1:Ygz4wBHrgc7g0N+8+MrnTfS9LLn9aaTGa9hKopuym5k=
cosmossdk.io/simapp v0.0.0-20230320103358-f4a6feb9d4ee h1:Ka72JwyryWqVF/nGYotlTsP1UpBQz6K5kjwiUbBANCg=
cosmossdk.io/tools/rosetta v0.2.1 h1:ddOMatOH+pbxWbrGJKRAawdBkPYLfKXutK9IETnjYxw=
cosmossdk.io/tools/rosetta v0.2.1/go.mod h1:Pqdc1FdvkNV3LcNIkYWt2RQY6IP1ge6YWZk8MhhO9Hw=
dmitri.shuralyov.com/gpu/mtl v0.0.0-20190408044501-666a987793e9/go.mod h1:H6x//7gZCb22OMCxBHrMx7a5I7Hp++hsVxbQ4BYO7hU=
filippo.io/edwards25519 v1.0.0-rc.1/go.mod h1:N1IkdkCkiLB6tki+MYJoSx2JTY9NUlxZE7eHn5EwJns=
filippo.io/edwards25519 v1.0.0 h1:0wAIcmJUqRdI8IJ/3eGi5/HwXZWPujYXXlkrQogz0Ek=
filippo.io/edwards25519 v1.0.0/go.mod h1:N1IkdkCkiLB6tki+MYJoSx2JTY9NUlxZE7eHn5EwJns=
git.sr.ht/~sircmpwn/getopt v0.0.0-20191230200459-23622cc906b3/go.mod h1:wMEGFFFNuPos7vHmWXfszqImLppbc0wEhh6JBfJIUgw=
git.sr.ht/~sircmpwn/go-bare v0.0.0-20210406120253-ab86bc2846d9/go.mod h1:BVJwbDfVjCjoFiKrhkei6NdGcZYpkDkdyCdg1ukytRA=
github.com/99designs/go-keychain v0.0.0-20191008050251-8e49817e8af4 h1:/vQbFIOMbk2FiG/kXiLl8BRyzTWDw7gX/Hz7Dd5eDMs=
github.com/99designs/go-keychain v0.0.0-20191008050251-8e49817e8af4/go.mod h1:hN7oaIRCjzsZ2dE+yG5k+rsdt3qcwykqK6HVGcKwsw4=
github.com/99designs/keyring v1.2.2 h1:pZd3neh/EmUzWONb35LxQfvuY7kiSXAq3HQd97+XBn0=
github.com/99designs/keyring v1.2.2/go.mod h1:wes/FrByc8j7lFOAGLGSNEg8f/PaI3cgTBqhFkHUrPk=
github.com/Azure/azure-sdk-for-go/sdk/azcore v0.21.1/go.mod h1:fBF9PQNqB8scdgpZ3ufzaLntG0AG7C1WjPMsiFOmfHM=
github.com/Azure/azure-sdk-for-go/sdk/internal v0.8.3/go.mod h1:KLF4gFr6DcKFZwSuH8w8yEK6DpFl3LP5rhdvAb7Yz5I=
github.com/Azure/azure-sdk-for-go/sdk/storage/azblob v0.3.0/go.mod h1:tPaiy8S5bQ+S5sOiDlINkp7+Ef339+Nz5L5XO+cnOHo=
github.com/Azure/go-ansiterm v0.0.0-20210617225240-d185dfc1b5a1 h1:UQHMgLO+TxOElx5B5HZ4hJQsoJ/PvUvKRhJHDQXO8P8=
github.com/BurntSushi/toml v0.3.1/go.mod h1:xHWCNGjB5oqiDr8zfno3MHue2Ht5sIBksp03qcyfWMU=
github.com/BurntSushi/toml v1.3.2 h1:o7IhLm0Msx3BaB+n3Ag7L8EVlByGnpq14C4YWiu/gL8=
github.com/BurntSushi/toml v1.3.2/go.mod h1:CxXYINrC8qIiEnFrOxCa7Jy5BFHlXnUU2pbicEuybxQ=
github.com/BurntSushi/xgb v0.0.0-20160522181843-27f122750802/go.mod h1:IVnqGOEym/WlBOVXweHU+Q+/VP0lqqI8lqeDx9IjBqo=
github.com/ChainSafe/go-schnorrkel v0.0.0-20200405005733-88cbf1b4c40d h1:nalkkPQcITbvhmL4+C4cKA87NW0tfm3Kl9VXRoPywFg=
github.com/ChainSafe/go-schnorrkel v0.0.0-20200405005733-88cbf1b4c40d/go.mod h1:URdX5+vg25ts3aCh8H5IFZybJYKWhJHYMTnf+ULtoC4=
github.com/ChainSafe/go-schnorrkel v1.0.0 h1:3aDA67lAykLaG1y3AOjs88dMxC88PgUuHRrLeDnvGIM=
github.com/ChainSafe/go-schnorrkel v1.0.0/go.mod h1:dpzHYVxLZcp8pjlV+O+UR8K0Hp/z7vcchBSbMBEhCw4=
github.com/ComposableFi/go-subkey/v2 v2.0.0-tm03420 h1:oknQF/iIhf5lVjbwjsVDzDByupRhga8nhA3NAmwyHDA=
github.com/ComposableFi/go-subkey/v2 v2.0.0-tm03420/go.mod h1:KYkiMX5AbOlXXYfxkrYPrRPV6EbVUALTQh5ptUOJzu8=
github.com/DATA-DOG/go-sqlmock v1.3.3/go.mod h1:f/Ixk793poVmq4qj/V1dPUg2JEAKC73Q5eFN3EC/SaM=
github.com/DataDog/datadog-go v3.2.0+incompatible/go.mod h1:LButxg5PwREeZtORoXG3tL4fMGNddJ+vMq1mwgfaqoQ=
github.com/DataDog/zstd v1.5.0/go.mod h1:g4AWEaM3yOg3HYfnJ3YIawPnVdXJh9QME85blwSAmyw=
github.com/FactomProject/basen v0.0.0-20150613233007-fe3947df716e h1:ahyvB3q25YnZWly5Gq1ekg6jcmWaGj/vG/MhF4aisoc=
github.com/FactomProject/basen v0.0.0-20150613233007-fe3947df716e/go.mod h1:kGUqhHd//musdITWjFvNTHn90WG9bMLBEPQZ17Cmlpw=
github.com/FactomProject/btcutilecc v0.0.0-20130527213604-d3a63a5752ec h1:1Qb69mGp/UtRPn422BH4/Y4Q3SLUrD9KHuDkm8iodFc=
github.com/FactomProject/btcutilecc v0.0.0-20130527213604-d3a63a5752ec/go.mod h1:CD8UlnlLDiqb36L110uqiP2iSflVjx9g/3U9hCI4q2U=
github.com/Knetic/govaluate v3.0.1-0.20171022003610-9aa49832a739+incompatible/go.mod h1:r7JcOSlj0wfOMncg0iLm8Leh48TZaKVeNIfJntJ2wa0=
github.com/Microsoft/go-winio v0.6.0 h1:slsWYD/zyx7lCXoZVlvQrj0hPTM1HI4+v1sIda2yDvg=
github.com/Microsoft/go-winio v0.6.0/go.mod h1:cTAf44im0RAYeL23bpB+fzCyDH2MJiz2BO69KH/soAE=
github.com/Nvveen/Gotty v0.0.0-20120604004816-cd527374f1e5 h1:TngWCqHvy9oXAN6lEVMRuU21PR1EtLVZJmdB18Gu3Rw=
github.com/OneOfOne/xxhash v1.2.2 h1:KMrpdQIwFcEqXDklaen+P1axHaj9BSKzvpUUfnHldSE=
github.com/OneOfOne/xxhash v1.2.2/go.mod h1:HSdplMjZKSmBqAxg5vPj2TmRDmfkzw+cTzAElWljhcU=
github.com/Shopify/sarama v1.19.0/go.mod h1:FVkBWblsNy7DGZRfXLU0O9RCGt5g3g3yEuWXgklEdEo=
github.com/Shopify/toxiproxy v2.1.4+incompatible/go.mod h1:OXgGpZ6Cli1/URJOF1DMxUHB2q5Ap20/P/eIdh4G0pI=
github.com/StackExchange/wmi v0.0.0-20180116203802-5d049714c4a6 h1:fLjPD/aNc3UIOA6tDi6QXUemppXK3P9BI7mr2hd6gx8=
github.com/StackExchange/wmi v0.0.0-20180116203802-5d049714c4a6/go.mod h1:3eOhrUMpNV+6aFIbp5/iudMxNCF27Vw2OZgy4xEx0Fg=
github.com/StirlingMarketingGroup/go-namecase v1.0.0 h1:2CzaNtCzc4iNHirR+5ru9OzGg8rQp860gqLBFqRI02Y=
github.com/StirlingMarketingGroup/go-namecase v1.0.0/go.mod h1:ZsoSKcafcAzuBx+sndbxHu/RjDcDTrEdT4UvhniHfio=
github.com/VictoriaMetrics/fastcache v1.6.0/go.mod h1:0qHz5QP0GMX4pfmMA/zt5RgfNuXJrTP0zS7DqpHGGTw=
github.com/VividCortex/gohistogram v1.0.0 h1:6+hBz+qvs0JOrrNhhmR7lFxo5sINxBCGXrdtl/UvroE=
github.com/VividCortex/gohistogram v1.0.0/go.mod h1:Pf5mBqqDxYaXu3hDrrU+w6nw50o/4+TcAqDqk/vUH7g=
github.com/Zilliqa/gozilliqa-sdk v1.2.1-0.20201201074141-dd0ecada1be6/go.mod h1:eSYp2T6f0apnuW8TzhV3f6Aff2SE8Dwio++U4ha4yEM=
github.com/adlio/schema v1.3.3 h1:oBJn8I02PyTB466pZO1UZEn1TV5XLlifBSyMrmHl/1I=
github.com/aead/siphash v1.0.1/go.mod h1:Nywa3cDsYNNK3gaciGTWPwHt0wlpNV15vwmswBAUSII=
github.com/afex/hystrix-go v0.0.0-20180502004556-fa1af6a1f4f5/go.mod h1:SkGFH1ia65gfNATL8TAiHDNxPzPdmEL5uirI2Uyuz6c=
github.com/ajstarks/svgo v0.0.0-20180226025133-644b8db467af/go.mod h1:K08gAheRH3/J6wwsYMMT4xOr94bZjxIelGM0+d/wbFw=
github.com/alecthomas/participle/v2 v2.0.0-alpha7 h1:cK4vjj0VSgb3lN1nuKA5F7dw+1s1pWBe5bx7nNCnN+c=
github.com/alecthomas/template v0.0.0-20160405071501-a0175ee3bccc/go.mod h1:LOuyumcjzFXgccqObfd/Ljyb9UuFJ6TxHnclSeseNhc=
github.com/alecthomas/template v0.0.0-20190718012654-fb15b899a751/go.mod h1:LOuyumcjzFXgccqObfd/Ljyb9UuFJ6TxHnclSeseNhc=
github.com/alecthomas/units v0.0.0-20151022065526-2efee857e7cf/go.mod h1:ybxpYRFXyAe+OPACYpWeL0wqObRcbAqCMya13uyzqw0=
github.com/alecthomas/units v0.0.0-20190717042225-c3de453c63f4/go.mod h1:ybxpYRFXyAe+OPACYpWeL0wqObRcbAqCMya13uyzqw0=
github.com/alecthomas/units v0.0.0-20190924025748-f65c72e2690d/go.mod h1:rBZYJk541a8SKzHPHnH3zbiI+7dagKZ0cgpgrD7Fyho=
github.com/allegro/bigcache v1.2.1-0.20190218064605-e24eb225f156/go.mod h1:Cb/ax3seSYIx7SuZdm2G2xzfwmv3TPSk2ucNfQESPXM=
github.com/andreyvit/diff v0.0.0-20170406064948-c7f18ee00883/go.mod h1:rCTlJbsFo29Kk6CurOXKm700vrz8f0KW0JNfpkRJY/8=
github.com/antihax/optional v1.0.0/go.mod h1:uupD/76wgC+ih3iEmQUL+0Ugr19nfwCT1kdvxnR2qWY=
github.com/apache/arrow/go/arrow v0.0.0-20191024131854-af6fa24be0db/go.mod h1:VTxUBvSJ3s3eHAg65PNgrsn5BtqCRPdmyXh6rAfdxN0=
github.com/apache/thrift v0.12.0/go.mod h1:cp2SuWMxlEZw2r+iP2GNCdIi4C1qmUzdZFSVb+bacwQ=
github.com/apache/thrift v0.13.0/go.mod h1:cp2SuWMxlEZw2r+iP2GNCdIi4C1qmUzdZFSVb+bacwQ=
github.com/armon/circbuf v0.0.0-20150827004946-bbbad097214e/go.mod h1:3U/XgcO3hCbHZ8TKRvWD2dDTCfh9M9ya+I9JpbB7O8o=
github.com/armon/consul-api v0.0.0-20180202201655-eb2c6b5be1b6/go.mod h1:grANhF5doyWs3UAsr3K4I6qtAmlQcZDesFNEHPZAzj8=
github.com/armon/go-metrics v0.0.0-20180917152333-f0300d1749da/go.mod h1:Q73ZrmVTwzkszR9V5SSuryQ31EELlFMUz1kKyl939pY=
github.com/armon/go-metrics v0.4.1 h1:hR91U9KYmb6bLBYLQjyM+3j+rcd/UhE+G78SFnF8gJA=
github.com/armon/go-metrics v0.4.1/go.mod h1:E6amYzXo6aW1tqzoZGT755KkbgrJsSdpwZ+3JqfkOG4=
github.com/armon/go-radix v0.0.0-20180808171621-7fddfc383310/go.mod h1:ufUuZ+zHj4x4TnLV4JWEpy2hxWSpsRywHrMgIH9cCH8=
github.com/aryann/difflib v0.0.0-20170710044230-e206f873d14a/go.mod h1:DAHtR1m6lCRdSC2Tm3DSWRPvIPr6xNKyeHdqDQSQT+A=
github.com/avast/retry-go/v4 v4.3.4 h1:pHLkL7jvCvP317I8Ge+Km2Yhntv3SdkJm7uekkqbKhM=
github.com/avast/retry-go/v4 v4.3.4/go.mod h1:rv+Nla6Vk3/ilU0H51VHddWHiwimzX66yZ0JT6T+UvE=
github.com/aws/aws-lambda-go v1.13.3/go.mod h1:4UKl9IzQMoD+QF79YdCuzCwp8VbmG4VAQwij/eHl5CU=
github.com/aws/aws-sdk-go v1.27.0/go.mod h1:KmX6BPdI08NWTb3/sm4ZGu5ShLoqVDhKgpiN924inxo=
github.com/aws/aws-sdk-go v1.44.122/go.mod h1:y4AeaBuwd2Lk+GepC1E9v0qOiTws0MIWAX4oIKwKHZo=
github.com/aws/aws-sdk-go v1.44.316 h1:UC3alCEyzj2XU13ZFGIOHW3yjCNLGTIGVauyetl9fwE=
github.com/aws/aws-sdk-go v1.44.316/go.mod h1:aVsgQcEevwlmQ7qHE9I3h+dtQgpqhFB+i8Phjh7fkwI=
github.com/aws/aws-sdk-go-v2 v0.18.0/go.mod h1:JWVYvqSMppoMJC0x5wdwiImzgXTI9FuZwxzkQq9wy+g=
github.com/aws/aws-sdk-go-v2 v1.2.0/go.mod h1:zEQs02YRBw1DjK0PoJv3ygDYOFTre1ejlJWl8FwAuQo=
github.com/aws/aws-sdk-go-v2/config v1.1.1/go.mod h1:0XsVy9lBI/BCXm+2Tuvt39YmdHwS5unDQmxZOYe8F5Y=
github.com/aws/aws-sdk-go-v2/credentials v1.1.1/go.mod h1:mM2iIjwl7LULWtS6JCACyInboHirisUUdkBPoTHMOUo=
github.com/aws/aws-sdk-go-v2/feature/ec2/imds v1.0.2/go.mod h1:3hGg3PpiEjHnrkrlasTfxFqUsZ2GCk/fMUn4CbKgSkM=
github.com/aws/aws-sdk-go-v2/service/internal/presigned-url v1.0.2/go.mod h1:45MfaXZ0cNbeuT0KQ1XJylq8A6+OpVV2E5kvY/Kq+u8=
github.com/aws/aws-sdk-go-v2/service/route53 v1.1.1/go.mod h1:rLiOUrPLW/Er5kRcQ7NkwbjlijluLsrIbu/iyl35RO4=
github.com/aws/aws-sdk-go-v2/service/sso v1.1.1/go.mod h1:SuZJxklHxLAXgLTc1iFXbEWkXs7QRTQpCLGaKIprQW0=
github.com/aws/aws-sdk-go-v2/service/sts v1.1.1/go.mod h1:Wi0EBZwiz/K44YliU0EKxqTCJGUfYTWXrrBwkq736bM=
github.com/aws/smithy-go v1.1.0/go.mod h1:EzMw8dbp/YJL4A5/sbhGddag+NPT7q084agLbB9LgIw=
github.com/benbjohnson/clock v1.1.0/go.mod h1:J11/hYXuz8f4ySSvYwY0FKfm+ezbsZBKZxNJlLklBHA=
github.com/benbjohnson/clock v1.3.0 h1:ip6w0uFQkncKQ979AypyG0ER7mqUSBdKLOgAle/AT8A=
github.com/benbjohnson/clock v1.3.0/go.mod h1:J11/hYXuz8f4ySSvYwY0FKfm+ezbsZBKZxNJlLklBHA=
github.com/beorn7/perks v0.0.0-20180321164747-3a771d992973/go.mod h1:Dwedo/Wpr24TaqPxmxbtue+5NUziq4I4S80YR8gNf3Q=
github.com/beorn7/perks v1.0.0/go.mod h1:KWe93zE9D1o94FZ5RNwFwVgaQK1VOXiVxmqh+CedLV8=
github.com/beorn7/perks v1.0.1 h1:VlbKKnNfV8bJzeqoa4cOKqO6bYr3WgKZxO8Z16+hsOM=
github.com/beorn7/perks v1.0.1/go.mod h1:G2ZrVWU2WbWT9wwq4/hrbKbnv/1ERSJQ0ibhJ6rlkpw=
github.com/bgentry/go-netrc v0.0.0-20140422174119-9fd32a8b3d3d h1:xDfNPAt8lFiC1UJrqV3uuy861HCTo708pDMbjHHdCas=
github.com/bgentry/go-netrc v0.0.0-20140422174119-9fd32a8b3d3d/go.mod h1:6QX/PXZ00z/TKoufEY6K/a0k6AhaJrQKdFe6OfVXsa4=
github.com/bgentry/speakeasy v0.1.0/go.mod h1:+zsyZBPWlz7T6j88CTgSN5bM796AkVf0kBD4zp0CCIs=
github.com/bgentry/speakeasy v0.1.1-0.20220910012023-760eaf8b6816 h1:41iFGWnSlI2gVpmOtVTJZNodLdLQLn/KsJqFvXwnd/s=
github.com/bgentry/speakeasy v0.1.1-0.20220910012023-760eaf8b6816/go.mod h1:+zsyZBPWlz7T6j88CTgSN5bM796AkVf0kBD4zp0CCIs=
github.com/bmizerany/pat v0.0.0-20170815010413-6226ea591a40/go.mod h1:8rLXio+WjiTceGBHIoTvn60HIbs7Hm7bcHjyrSqYB9c=
github.com/boltdb/bolt v1.3.1/go.mod h1:clJnj/oiGkjum5o1McbSZDSLxVThjynRyGBgiAx27Ps=
github.com/btcsuite/btcd v0.0.0-20190315201642-aa6e0f35703c/go.mod h1:DrZx5ec/dmnfpw9KyYoQyYo7d0KEvTkk/5M/vbZjAr8=
github.com/btcsuite/btcd v0.20.1-beta/go.mod h1:wVuoA8VJLEcwgqHBwHmzLRazpKxTv13Px/pDuV7OomQ=
github.com/btcsuite/btcd v0.21.0-beta.0.20201114000516-e9c7a5ac6401/go.mod h1:Sv4JPQ3/M+teHz9Bo5jBpkNcP0x6r7rdihlNL/7tTAs=
github.com/btcsuite/btcd v0.22.1 h1:CnwP9LM/M9xuRrGSCGeMVs9iv09uMqwsVX7EeIpgV2c=
github.com/btcsuite/btcd v0.22.1/go.mod h1:wqgTSL29+50LRkmOVknEdmt8ZojIzhuWvgu/iptuN7Y=
github.com/btcsuite/btcd/btcec/v2 v2.1.2/go.mod h1:ctjw4H1kknNJmRN4iP1R7bTQ+v3GJkZBd6mui8ZsAZE=
github.com/btcsuite/btcd/btcec/v2 v2.3.2 h1:5n0X6hX0Zk+6omWcihdYvdAlGf2DfasC0GMf7DClJ3U=
github.com/btcsuite/btcd/btcec/v2 v2.3.2/go.mod h1:zYzJ8etWJQIv1Ogk7OzpWjowwOdXY1W/17j2MW85J04=
github.com/btcsuite/btcd/btcutil v1.1.2 h1:XLMbX8JQEiwMcYft2EGi8zPUkoa0abKIU6/BJSRsjzQ=
github.com/btcsuite/btcd/chaincfg/chainhash v1.0.0/go.mod h1:7SFka0XMvUgj3hfZtydOrQY2mwhPclbT2snogU7SQQc=
github.com/btcsuite/btcd/chaincfg/chainhash v1.0.1 h1:q0rUy8C/TYNBQS1+CGKw68tLOFYSNEs0TFnxxnS9+4U=
github.com/btcsuite/btcd/chaincfg/chainhash v1.0.1/go.mod h1:7SFka0XMvUgj3hfZtydOrQY2mwhPclbT2snogU7SQQc=
github.com/btcsuite/btclog v0.0.0-20170628155309-84c8d2346e9f/go.mod h1:TdznJufoqS23FtqVCzL0ZqgP5MqXbb4fg/WgDys70nA=
github.com/btcsuite/btcutil v0.0.0-20190207003914-4c204d697803/go.mod h1:+5NJ2+qvTyV9exUAL/rxXi3DcLg2Ts+ymUAY5y4NvMg=
github.com/btcsuite/btcutil v0.0.0-20190425235716-9e5f4b9a998d/go.mod h1:+5NJ2+qvTyV9exUAL/rxXi3DcLg2Ts+ymUAY5y4NvMg=
github.com/btcsuite/btcutil v1.0.2/go.mod h1:j9HUFwoQRsZL3V4n+qG+CUnEGHOarIxfC3Le2Yhbcts=
github.com/btcsuite/btcutil v1.0.3-0.20201208143702-a53e38424cce h1:YtWJF7RHm2pYCvA5t0RPmAaLUhREsKuKd+SLhxFbFeQ=
github.com/btcsuite/btcutil v1.0.3-0.20201208143702-a53e38424cce/go.mod h1:0DVlHczLPewLcPGEIeUEzfOJhqGPQ0mJJRDBtD307+o=
github.com/btcsuite/go-socks v0.0.0-20170105172521-4720035b7bfd/go.mod h1:HHNXQzUsZCxOoE+CPiyCTO6x34Zs86zZUiwtpXoGdtg=
github.com/btcsuite/goleveldb v0.0.0-20160330041536-7834afc9e8cd/go.mod h1:F+uVaaLLH7j4eDXPRvw78tMflu7Ie2bzYOH4Y8rRKBY=
github.com/btcsuite/goleveldb v1.0.0/go.mod h1:QiK9vBlgftBg6rWQIj6wFzbPfRjiykIEhBH4obrXJ/I=
github.com/btcsuite/snappy-go v0.0.0-20151229074030-0bdef8d06723/go.mod h1:8woku9dyThutzjeg+3xrA5iCpBRH8XEEg3lh6TiUghc=
github.com/btcsuite/snappy-go v1.0.0/go.mod h1:8woku9dyThutzjeg+3xrA5iCpBRH8XEEg3lh6TiUghc=
github.com/btcsuite/websocket v0.0.0-20150119174127-31079b680792/go.mod h1:ghJtEyQwv5/p4Mg4C0fgbePVuGr935/5ddU9Z3TmDRY=
github.com/btcsuite/winsvc v1.0.0/go.mod h1:jsenWakMcC0zFBFurPLEAyrnc/teJEM1O46fmI40EZs=
github.com/bufbuild/protocompile v0.4.0 h1:LbFKd2XowZvQ/kajzguUp2DC9UEIQhIq77fZZlaQsNA=
github.com/bwesterb/go-ristretto v1.2.0/go.mod h1:fUIoIZaG73pV5biE2Blr2xEzDoMj7NFEuV9ekS419A0=
github.com/c-bata/go-prompt v0.2.2/go.mod h1:VzqtzE2ksDBcdln8G7mk2RX9QyGjH+OVqOCSiVIqS34=
github.com/casbin/casbin/v2 v2.1.2/go.mod h1:YcPU1XXisHhLzuxH9coDNf2FbKpjGlbCg3n9yuLkIJQ=
github.com/cenkalti/backoff v2.2.1+incompatible h1:tNowT99t7UNflLxfYYSlKYsBpXdEet03Pg2g16Swow4=
github.com/cenkalti/backoff v2.2.1+incompatible/go.mod h1:90ReRw6GdpyfrHakVjL/QHaoyV4aDUVVkXQJJJ3NXXM=
github.com/cenkalti/backoff/v4 v4.1.1/go.mod h1:scbssz8iZGpm3xbr14ovlUdkxfGXNInqkPWOWmG2CLw=
github.com/cenkalti/backoff/v4 v4.2.1 h1:y4OZtCnogmCPw98Zjyt5a6+QwPLGkiQsYW5oUqylYbM=
github.com/cenkalti/backoff/v4 v4.2.1/go.mod h1:Y3VNntkOUPxTVeUxJ/G5vcM//AlwfmyYozVcomhLiZE=
github.com/census-instrumentation/opencensus-proto v0.2.1/go.mod h1:f6KPmirojxKA12rnyqOA5BBL4O983OfeGPqjHWSTneU=
github.com/cespare/cp v0.1.0/go.mod h1:SOGHArjBr4JWaSDEVpWpo/hNg6RoKrls6Oh40hiwW+s=
github.com/cespare/xxhash v1.1.0 h1:a6HrQnmkObjyL+Gs60czilIUGqrzKutQD6XZog3p+ko=
github.com/cespare/xxhash v1.1.0/go.mod h1:XrSqR1VqqWfGrhpAt58auRo0WTKS1nRRg3ghfAqPWnc=
github.com/cespare/xxhash/v2 v2.1.1/go.mod h1:VGX0DQ3Q6kWi7AoAeZDth3/j3BFtOZR5XLFGgcrjCOs=
github.com/cespare/xxhash/v2 v2.2.0/go.mod h1:VGX0DQ3Q6kWi7AoAeZDth3/j3BFtOZR5XLFGgcrjCOs=
github.com/cheggaaa/pb v1.0.27/go.mod h1:pQciLPpbU0oxA0h+VJYYLxO+XeDQb5pZijXscXHm81s=
github.com/chzyer/logex v1.1.10/go.mod h1:+Ywpsq7O8HXn0nuIou7OrIPyXbp3wmkHB+jjWRnGsAI=
github.com/chzyer/logex v1.2.1 h1:XHDu3E6q+gdHgsdTPH6ImJMIp436vR6MPtH8gP05QzM=
github.com/chzyer/logex v1.2.1/go.mod h1:JLbx6lG2kDbNRFnfkgvh4eRJRPX1QCoOIWomwysCBrQ=
github.com/chzyer/readline v0.0.0-20180603132655-2972be24d48e/go.mod h1:nSuG5e5PlCu98SY8svDHJxuZscDgtXS6KTTbou5AhLI=
github.com/chzyer/readline v1.5.1 h1:upd/6fQk4src78LMRzh5vItIt361/o4uq553V8B5sGI=
github.com/chzyer/readline v1.5.1/go.mod h1:Eh+b79XXUwfKfcPLepksvw2tcLE/Ct21YObkaSkeBlk=
github.com/chzyer/test v0.0.0-20180213035817-a1ea475d72b1/go.mod h1:Q3SI9o4m/ZMnBNeIyt5eFwwo7qiLfzFZmjNmxjkiQlU=
github.com/chzyer/test v1.0.0 h1:p3BQDXSxOhOG0P9z6/hGnII4LGiEPOYBhs8asl/fC04=
github.com/chzyer/test v1.0.0/go.mod h1:2JlltgoNkt4TW/z9V/IzDdFaMTM2JPIi26O1pF38GC8=
github.com/circonus-labs/circonus-gometrics v2.3.1+incompatible/go.mod h1:nmEj6Dob7S7YxXgwXpfOuvO54S+tGdZdw9fuRZt25Ag=
github.com/circonus-labs/circonusllhist v0.1.3/go.mod h1:kMXHVDlOchFAehlya5ePtbp5jckzBHf4XRpQvBOLI+I=
github.com/clbanning/x2j v0.0.0-20191024224557-825249438eec/go.mod h1:jMjuTZXRI4dUb/I5gc9Hdhagfvm9+RyrPryS/auMzxE=
github.com/client9/misspell v0.3.4/go.mod h1:qj6jICC3Q7zFZvVWo7KLAzC3yx5G7kyvSDkc90ppPyw=
github.com/cloudflare/cloudflare-go v0.14.0/go.mod h1:EnwdgGMaFOruiPZRFSgn+TsQ3hQ7C/YWzIGLeu5c304=
github.com/cmars/basen v0.0.0-20150613233007-fe3947df716e h1:0XBUw73chJ1VYSsfvcPvVT7auykAJce9FpRr10L6Qhw=
github.com/cmars/basen v0.0.0-20150613233007-fe3947df716e/go.mod h1:P13beTBKr5Q18lJe1rIoLUqjM+CB1zYrRg44ZqGuQSA=
github.com/cncf/udpa/go v0.0.0-20191209042840-269d4d468f6f/go.mod h1:M8M6+tZqaGXZJjfX53e64911xZQV5JYwmTeXPW+k8Sc=
github.com/cncf/udpa/go v0.0.0-20200629203442-efcf912fb354/go.mod h1:WmhPx2Nbnhtbo57+VJT5O0JRkEi1Wbu0z5j0R8u5Hbk=
github.com/cncf/udpa/go v0.0.0-20201120205902-5459f2c99403/go.mod h1:WmhPx2Nbnhtbo57+VJT5O0JRkEi1Wbu0z5j0R8u5Hbk=
github.com/cncf/udpa/go v0.0.0-20210930031921-04548b0d99d4/go.mod h1:6pvJx4me5XPnfI9Z40ddWsdw2W/uZgQLFXToKeRcDiI=
github.com/cncf/xds/go v0.0.0-20210312221358-fbca930ec8ed/go.mod h1:eXthEFrGJvWHgFFCl3hGmgk+/aYT6PnTQLykKQRLhEs=
github.com/cncf/xds/go v0.0.0-20210805033703-aa0b78936158/go.mod h1:eXthEFrGJvWHgFFCl3hGmgk+/aYT6PnTQLykKQRLhEs=
github.com/cncf/xds/go v0.0.0-20210922020428-25de7278fc84/go.mod h1:eXthEFrGJvWHgFFCl3hGmgk+/aYT6PnTQLykKQRLhEs=
github.com/cncf/xds/go v0.0.0-20211001041855-01bcc9b48dfe/go.mod h1:eXthEFrGJvWHgFFCl3hGmgk+/aYT6PnTQLykKQRLhEs=
github.com/cncf/xds/go v0.0.0-20211011173535-cb28da3451f1/go.mod h1:eXthEFrGJvWHgFFCl3hGmgk+/aYT6PnTQLykKQRLhEs=
github.com/cockroachdb/apd/v2 v2.0.2 h1:weh8u7Cneje73dDh+2tEVLUvyBc89iwepWCD8b8034E=
github.com/cockroachdb/apd/v3 v3.1.0 h1:MK3Ow7LH0W8zkd5GMKA1PvS9qG3bWFI95WaVNfyZJ/w=
github.com/cockroachdb/datadriven v0.0.0-20190809214429-80d97fb3cbaa/go.mod h1:zn76sxSg3SzpJ0PPJaLDCu+Bu0Lg3sKTORVIj19EIF8=
github.com/codahale/hdrhistogram v0.0.0-20161010025455-3a0bb77429bd/go.mod h1:sE/e/2PUdi/liOCUjSTXgM1o87ZssimdTWN964YiIeI=
github.com/coinbase/kryptology v1.8.0/go.mod h1:RYXOAPdzOGUe3qlSFkMGn58i3xUA8hmxYHksuq+8ciI=
github.com/coinbase/rosetta-sdk-go v0.7.9 h1:lqllBjMnazTjIqYrOGv8h8jxjg9+hJazIGZr9ZvoCcA=
github.com/coinbase/rosetta-sdk-go v0.7.9/go.mod h1:0/knutI7XGVqXmmH4OQD8OckFrbQ8yMsUZTG7FXCR2M=
github.com/cometbft/cometbft v0.37.2 h1:XB0yyHGT0lwmJlFmM4+rsRnczPlHoAKFX6K8Zgc2/Jc=
github.com/cometbft/cometbft v0.37.2/go.mod h1:Y2MMMN//O5K4YKd8ze4r9jmk4Y7h0ajqILXbH5JQFVs=
github.com/cometbft/cometbft-db v0.8.0 h1:vUMDaH3ApkX8m0KZvOFFy9b5DZHBAjsnEuo9AKVZpjo=
github.com/cometbft/cometbft-db v0.8.0/go.mod h1:6ASCP4pfhmrCBpfk01/9E1SI29nD3HfVHrY4PG8x5c0=
github.com/confio/ics23/go v0.9.0 h1:cWs+wdbS2KRPZezoaaj+qBleXgUk5WOQFMP3CQFGTr4=
github.com/confio/ics23/go v0.9.0/go.mod h1:4LPZ2NYqnYIVRklaozjNR1FScgDJ2s5Xrp+e/mYVRak=
github.com/consensys/bavard v0.1.8-0.20210406032232-f3452dc9b572/go.mod h1:Bpd0/3mZuaj6Sj+PqrmIquiOKy397AKGThQPaGzNXAQ=
github.com/consensys/bavard v0.1.8-0.20210915155054-088da2f7f54a/go.mod h1:9ItSMtA/dXMAiL7BG6bqW2m3NdSEObYWoH223nGHukI=
github.com/consensys/gnark-crypto v0.4.1-0.20210426202927-39ac3d4b3f1f/go.mod h1:815PAHg3wvysy0SyIqanF8gZ0Y1wjk/hrDHD/iT88+Q=
github.com/consensys/gnark-crypto v0.5.3/go.mod h1:hOdPlWQV1gDLp7faZVeg8Y0iEPFaOUnCc4XeCCk96p0=
github.com/containerd/continuity v0.3.0 h1:nisirsYROK15TAMVukJOUyGJjz4BNQJBVsNvAXZJ/eg=
github.com/coreos/etcd v3.3.10+incompatible/go.mod h1:uF7uidLiAD3TWHmW31ZFd/JWoc32PjwdhPthX9715RE=
github.com/coreos/go-etcd v2.0.0+incompatible/go.mod h1:Jez6KQU2B/sWsbdaef3ED8NzMklzPG4d5KIOhIy30Tk=
github.com/coreos/go-semver v0.2.0/go.mod h1:nnelYz7RCh+5ahJtPPxZlU+153eP4D4r3EedlOD2RNk=
github.com/coreos/go-systemd v0.0.0-20180511133405-39ca1b05acc7/go.mod h1:F5haX7vjVVG0kc13fIWeqUViNPyEJxv/OmvnBo0Yme4=
github.com/coreos/go-systemd/v22 v22.5.0/go.mod h1:Y58oyj3AT4RCenI/lSvhwexgC+NSVTIJ3seZv2GcEnc=
github.com/coreos/pkg v0.0.0-20160727233714-3ac0863d7acf/go.mod h1:E3G3o1h8I7cfcXa63jLwjI0eiQQMgzzUDFVpN/nH/eA=
github.com/cosmos/btcutil v1.0.5 h1:t+ZFcX77LpKtDBhjucvnOH8C2l2ioGsBNEQ3jef8xFk=
github.com/cosmos/btcutil v1.0.5/go.mod h1:IyB7iuqZMJlthe2tkIFL33xPyzbFYP0XVdS8P5lUPis=
github.com/cosmos/cosmos-proto v1.0.0-beta.3 h1:VitvZ1lPORTVxkmF2fAp3IiA61xVwArQYKXTdEcpW6o=
github.com/cosmos/cosmos-proto v1.0.0-beta.3/go.mod h1:t8IASdLaAq+bbHbjq4p960BvcTqtwuAxid3b/2rOD6I=
github.com/cosmos/cosmos-sdk v0.47.4 h1:FVUpEprm58nMmBX4xkRdMDaIG5Nr4yy92HZAfGAw9bg=
github.com/cosmos/cosmos-sdk v0.47.4/go.mod h1:R5n+uM7vguVPFap4pgkdvQCT1nVo/OtPwrlAU40rvok=
github.com/cosmos/go-bip39 v0.0.0-20180819234021-555e2067c45d/go.mod h1:tSxLoYXyBmiFeKpvmq4dzayMdCjCnu8uqmCysIGBT2Y=
github.com/cosmos/go-bip39 v1.0.0/go.mod h1:RNJv0H/pOIVgxw6KS7QeX2a0Uo0aKUlfhZ4xuwvCdJw=
github.com/cosmos/gogogateway v1.2.0 h1:Ae/OivNhp8DqBi/sh2A8a1D0y638GpL3tkmLQAiKxTE=
github.com/cosmos/gogogateway v1.2.0/go.mod h1:iQpLkGWxYcnCdz5iAdLcRBSw3h7NXeOkZ4GUkT+tbFI=
github.com/cosmos/gogoproto v1.4.2/go.mod h1:cLxOsn1ljAHSV527CHOtaIP91kK6cCrZETRBrkzItWU=
github.com/cosmos/gogoproto v1.4.10 h1:QH/yT8X+c0F4ZDacDv3z+xE3WU1P1Z3wQoLMBRJoKuI=
github.com/cosmos/gogoproto v1.4.10/go.mod h1:3aAZzeRWpAwr+SS/LLkICX2/kDFyaYVzckBDzygIxek=
github.com/cosmos/gorocksdb v1.2.0 h1:d0l3jJG8M4hBouIZq0mDUHZ+zjOx044J3nGRskwTb4Y=
github.com/cosmos/gorocksdb v1.2.0/go.mod h1:aaKvKItm514hKfNJpUJXnnOWeBnk2GL4+Qw9NHizILw=
github.com/cosmos/iavl v0.20.0 h1:fTVznVlepH0KK8NyKq8w+U7c2L6jofa27aFX6YGlm38=
github.com/cosmos/iavl v0.20.0/go.mod h1:WO7FyvaZJoH65+HFOsDir7xU9FWk2w9cHXNW1XHcl7A=
github.com/cosmos/ibc-go/v7 v7.2.0 h1:dx0DLUl7rxdyZ8NiT6UsrbzKOJx/w7s+BOaewFRH6cg=
github.com/cosmos/ibc-go/v7 v7.2.0/go.mod h1:OOcjKIRku/j1Xs1RgKK0yvKRrJ5iFuZYMetR1n3yMlc=
github.com/cosmos/ics23/go v0.10.0 h1:iXqLLgp2Lp+EdpIuwXTYIQU+AiHj9mOC2X9ab++bZDM=
github.com/cosmos/ics23/go v0.10.0/go.mod h1:ZfJSmng/TBNTBkFemHHHj5YY7VAU/MBU980F4VU1NG0=
github.com/cosmos/ledger-cosmos-go v0.13.0 h1:ex0CvCxToSR7j5WjrghPu2Bu9sSXKikjnVvUryNnx4s=
github.com/cosmos/ledger-cosmos-go v0.13.0/go.mod h1:ZcqYgnfNJ6lAXe4HPtWgarNEY+B74i+2/8MhZw4ziiI=
github.com/cosmos/rosetta-sdk-go v0.10.0 h1:E5RhTruuoA7KTIXUcMicL76cffyeoyvNybzUGSKFTcM=
github.com/cosmos/rosetta-sdk-go v0.10.0/go.mod h1:SImAZkb96YbwvoRkzSMQB6noNJXFgWl/ENIznEoYQI4=
github.com/cpuguy83/go-md2man v1.0.10/go.mod h1:SmD6nW6nTyfqj6ABTjUi3V3JVMnlJmwcJI5acqYI6dE=
github.com/cpuguy83/go-md2man/v2 v2.0.0-20190314233015-f79a8a8ca69d/go.mod h1:maD7wRr/U5Z6m/iR4s+kqSMx2CaBsrgA7czyZG/E6dU=
github.com/cpuguy83/go-md2man/v2 v2.0.2/go.mod h1:tgQtvFlXSQOSOSIRvRPT7W67SCa46tRHOmNcaadrF8o=
github.com/creachadair/taskgroup v0.6.0 h1:DogJ77FOD+9ZyQcD2cPn9Ivz6a607iPu+qC9CG/+mgo=
github.com/creachadair/taskgroup v0.6.0/go.mod h1:e1kO+tKiCfDiDiwHei/dXgz3i9kQ8b5inEUVsrGmFfw=
github.com/creack/pty v1.1.7/go.mod h1:lj5s0c3V2DBrqTV7llrYr5NG6My20zk30Fl46Y7DoTY=
github.com/creack/pty v1.1.9/go.mod h1:oKZEueFk5CKHvIhNR5MUki03XCEU+Q6VDXinZuGJ33E=
github.com/cucumber/common/gherkin/go/v22 v22.0.0 h1:4K8NqptbvdOrjL9DEea6HFjSpbdT9+Q5kgLpmmsHYl0=
github.com/cucumber/common/messages/go/v17 v17.1.1 h1:RNqopvIFyLWnKv0LfATh34SWBhXeoFTJnSrgm9cT/Ts=
github.com/cyberdelia/templates v0.0.0-20141128023046-ca7fffd4298c/go.mod h1:GyV+0YP4qX0UQ7r2MoYZ+AvYDp12OF5yg4q8rGnyNh4=
github.com/danieljoos/wincred v1.2.0 h1:ozqKHaLK0W/ii4KVbbvluM91W2H3Sh0BncbUNPS7jLE=
github.com/danieljoos/wincred v1.2.0/go.mod h1:FzQLLMKBFdvu+osBrnFODiv32YGwCfx0SkRa/eYHgec=
github.com/dave/jennifer v1.2.0/go.mod h1:fIb+770HOpJ2fmN9EPPKOqm1vMGhB+TwXKMZhrIygKg=
github.com/davecgh/go-spew v0.0.0-20171005155431-ecdeabc65495/go.mod h1:J7Y8YcW2NihsgmVo/mv3lAwl/skON4iLHjSsI+c5H38=
github.com/davecgh/go-spew v1.1.0/go.mod h1:J7Y8YcW2NihsgmVo/mv3lAwl/skON4iLHjSsI+c5H38=
github.com/davecgh/go-spew v1.1.1/go.mod h1:J7Y8YcW2NihsgmVo/mv3lAwl/skON4iLHjSsI+c5H38=
github.com/deckarep/golang-set v1.8.0/go.mod h1:5nI87KwE7wgsBU1F4GKAw2Qod7p5kyS383rP6+o6qqo=
github.com/decred/base58 v1.0.4/go.mod h1:jJswKPEdvpFpvf7dsDvFZyLT22xZ9lWqEByX38oGd9E=
github.com/decred/dcrd/chaincfg/chainhash v1.0.2/go.mod h1:BpbrGgrPTr3YJYRN3Bm+D9NuaFd+zGyNeIKgrhCXK60=
github.com/decred/dcrd/crypto/blake256 v1.0.0/go.mod h1:sQl2p6Y26YV+ZOcSTP6thNdn47hh8kt6rqSlvmrXFAc=
github.com/decred/dcrd/crypto/blake256 v1.0.1 h1:7PltbUIQB7u/FfZ39+DGa/ShuMyJ5ilcvdfma9wOH6Y=
github.com/decred/dcrd/crypto/blake256 v1.0.1/go.mod h1:2OfgNZ5wDpcsFmHmCK5gZTPcCXqlm2ArzUIkw9czNJo=
github.com/decred/dcrd/dcrec/secp256k1/v2 v2.0.1 h1:18HurQ6DfHeNvwIjvOmrgr44bPdtVaQAe/WWwHg9goM=
github.com/decred/dcrd/dcrec/secp256k1/v2 v2.0.1/go.mod h1:XmyzkaXBy7ZvHdrTAlXAjpog8qKSAWa3ze7yqzWmgmc=
github.com/decred/dcrd/dcrec/secp256k1/v4 v4.0.1/go.mod h1:hyedUtir6IdtD/7lIxGeCxkaw7y45JueMRL4DIyJDKs=
github.com/decred/dcrd/dcrec/secp256k1/v4 v4.2.0 h1:8UrgZ3GkP4i/CLijOJx79Yu+etlyjdBU4sfcs2WYQMs=
github.com/decred/dcrd/dcrec/secp256k1/v4 v4.2.0/go.mod h1:v57UDF4pDQJcEfFUCRop3lJL149eHGSe9Jvczhzjo/0=
github.com/decred/dcrd/lru v1.0.0/go.mod h1:mxKOwFd7lFjN2GZYsiz/ecgqR6kkYAl+0pz0tEMk218=
github.com/deepmap/oapi-codegen v1.6.0/go.mod h1:ryDa9AgbELGeB+YEXE1dR53yAjHwFvE9iAUlWl9Al3M=
github.com/deepmap/oapi-codegen v1.8.2/go.mod h1:YLgSKSDv/bZQB7N4ws6luhozi3cEdRktEqrX88CvjIw=
github.com/desertbit/timer v0.0.0-20180107155436-c41aec40b27f h1:U5y3Y5UE0w7amNe7Z5G/twsBW0KEalRQXZzf8ufSh9I=
github.com/desertbit/timer v0.0.0-20180107155436-c41aec40b27f/go.mod h1:xH/i4TFMt8koVQZ6WFms69WAsDWr2XsYL3Hkl7jkoLE=
github.com/dgraph-io/badger/v2 v2.2007.4 h1:TRWBQg8UrlUhaFdco01nO2uXwzKS7zd+HVdwV/GHc4o=
github.com/dgraph-io/badger/v2 v2.2007.4/go.mod h1:vSw/ax2qojzbN6eXHIx6KPKtCSHJN/Uz0X0VPruTIhk=
github.com/dgraph-io/badger/v3 v3.2103.5 h1:ylPa6qzbjYRQMU6jokoj4wzcaweHylt//CH0AKt0akg=
github.com/dgraph-io/badger/v3 v3.2103.5/go.mod h1:4MPiseMeDQ3FNCYwRbbcBOGJLf5jsE0PPFzRiKjtcdw=
github.com/dgraph-io/ristretto v0.0.3-0.20200630154024-f66de99634de/go.mod h1:KPxhHT9ZxKefz+PCeOGsrHpl1qZ7i70dGTu2u+Ahh6E=
github.com/dgraph-io/ristretto v0.0.3/go.mod h1:KPxhHT9ZxKefz+PCeOGsrHpl1qZ7i70dGTu2u+Ahh6E=
github.com/dgraph-io/ristretto v0.1.1 h1:6CWw5tJNgpegArSHpNHJKldNeq03FQCwYvfMVWajOK8=
github.com/dgraph-io/ristretto v0.1.1/go.mod h1:S1GPSBCYCIhmVNfcth17y2zZtQT6wzkzgwUve0VDWWA=
github.com/dgrijalva/jwt-go v3.2.0+incompatible/go.mod h1:E3ru+11k8xSBh+hMPgOLZmtrrCbhqsmaPHjLKYnJCaQ=
github.com/dgryski/go-bitstream v0.0.0-20180413035011-3522498ce2c8/go.mod h1:VMaSuZ+SZcx/wljOQKvp5srsbCiKDEb6K2wC4+PiBmQ=
github.com/dgryski/go-farm v0.0.0-20190423205320-6a90982ecee2/go.mod h1:SqUrOPUnsFjfmXRMNPybcSiG0BgUW2AuFH8PAnS2iTw=
github.com/dgryski/go-farm v0.0.0-20200201041132-a6ae2369ad13 h1:fAjc9m62+UWV/WAFKLNi6ZS0675eEUC9y3AlwSbQu1Y=
github.com/dgryski/go-farm v0.0.0-20200201041132-a6ae2369ad13/go.mod h1:SqUrOPUnsFjfmXRMNPybcSiG0BgUW2AuFH8PAnS2iTw=
github.com/dgryski/go-sip13 v0.0.0-20181026042036-e10d5fee7954/go.mod h1:vAd38F8PWV+bWy6jNmig1y/TA+kYO4g3RSRF0IAv0no=
github.com/dlclark/regexp2 v1.4.1-0.20201116162257-a2a8dda75c91/go.mod h1:2pZnwuY/m+8K6iRw6wQdMtk+rH5tNGR1i55kozfMjCc=
github.com/dnaeon/go-vcr v1.1.0/go.mod h1:M7tiix8f0r6mKKJ3Yq/kqU1OYf3MnfmBWVbPx/yU9ko=
github.com/dnaeon/go-vcr v1.2.0/go.mod h1:R4UdLID7HZT3taECzJs4YgbbH6PIGXB6W/sc5OLb6RQ=
github.com/docker/distribution v2.8.2+incompatible h1:T3de5rq0dB1j30rp0sA2rER+m322EBzniBPB6ZIzuh8=
github.com/docker/distribution v2.8.2+incompatible/go.mod h1:J2gT2udsDAN96Uj4KfcMRqY0/ypR+oyYUYmja8H+y+w=
github.com/docker/docker v1.4.2-0.20180625184442-8e610b2b55bf/go.mod h1:eEKB0N0r5NX/I1kEveEz05bcu8tLC/8azJZsviup8Sk=
github.com/docker/docker v24.0.5+incompatible h1:WmgcE4fxyI6EEXxBRxsHnZXrO1pQ3smi0k/jho4HLeY=
github.com/docker/docker v24.0.5+incompatible/go.mod h1:eEKB0N0r5NX/I1kEveEz05bcu8tLC/8azJZsviup8Sk=
github.com/docker/go-connections v0.4.0 h1:El9xVISelRB7BuFusrZozjnkIM5YnzCViNKohAFqRJQ=
github.com/docker/go-connections v0.4.0/go.mod h1:Gbd7IOopHjR8Iph03tsViu4nIes5XhDvyHbTtUxmeec=
github.com/docker/go-units v0.5.0/go.mod h1:fgPhTUdO+D/Jk86RDLlptpiXQzgHJF7gydDDbaIK4Dk=
github.com/dop251/goja v0.0.0-20211011172007-d99e4b8cbf48/go.mod h1:R9ET47fwRVRPZnOGvHxxhuZcbrMCuiqOz3Rlrh4KSnk=
github.com/dop251/goja_nodejs v0.0.0-20210225215109-d91c329300e7/go.mod h1:hn7BA7c8pLvoGndExHudxTDKZ84Pyvv+90pbBjbTz0Y=
github.com/dustin/go-humanize v0.0.0-20171111073723-bb3d318650d4/go.mod h1:HtrtbFcZ19U5GC7JDqmcUSB87Iq5E25KnS6fMYU6eOk=
github.com/dustin/go-humanize v1.0.0/go.mod h1:HtrtbFcZ19U5GC7JDqmcUSB87Iq5E25KnS6fMYU6eOk=
github.com/dustin/go-humanize v1.0.1 h1:GzkhY7T5VNhEkwH0PVJgjz+fX1rhBrR7pRT3mDkpeCY=
github.com/dustin/go-humanize v1.0.1/go.mod h1:Mu1zIs6XwVuF/gI1OepvI0qD18qycQx+mFykh5fBlto=
github.com/dvsekhvalnov/jose2go v1.5.0 h1:3j8ya4Z4kMCwT5nXIKFSV84YS+HdqSSO0VsTQxaLAeM=
github.com/dvsekhvalnov/jose2go v1.5.0/go.mod h1:QsHjhyTlD/lAVqn/NSbVZmSCGeDehTB/mPZadG+mhXU=
github.com/eapache/go-resiliency v1.1.0/go.mod h1:kFI+JgMyC7bLPUVY133qvEBtVayf5mFgVsvEsIPBvNs=
github.com/eapache/go-xerial-snappy v0.0.0-20180814174437-776d5712da21/go.mod h1:+020luEh2TKB4/GOp8oxxtq0Daoen/Cii55CzbTV6DU=
github.com/eapache/queue v1.1.0/go.mod h1:6eCeP0CKFpHLu8blIFXhExK/dRa7WDZfr6jVFPTqq+I=
github.com/eclipse/paho.mqtt.golang v1.2.0/go.mod h1:H9keYFcgq3Qr5OUJm/JZI/i6U7joQ8SYLhZwfeOo6Ts=
github.com/edsrzf/mmap-go v1.0.0/go.mod h1:YO35OhQPt3KJa3ryjFM5Bs14WD66h8eGKpfaBNrHW5M=
github.com/envoyproxy/go-control-plane v0.6.9/go.mod h1:SBwIajubJHhxtWwsL9s8ss4safvEdbitLhGGK48rN6g=
github.com/envoyproxy/go-control-plane v0.9.0/go.mod h1:YTl/9mNaCwkRvm6d1a2C3ymFceY/DCBVvsKhRF0iEA4=
github.com/envoyproxy/go-control-plane v0.9.1-0.20191026205805-5f8ba28d4473/go.mod h1:YTl/9mNaCwkRvm6d1a2C3ymFceY/DCBVvsKhRF0iEA4=
github.com/envoyproxy/go-control-plane v0.9.4/go.mod h1:6rpuAdCZL397s3pYoYcLgu1mIlRU8Am5FuJP05cCM98=
github.com/envoyproxy/go-control-plane v0.9.7/go.mod h1:cwu0lG7PUMfa9snN8LXBig5ynNVH9qI8YYLbd1fK2po=
github.com/envoyproxy/go-control-plane v0.9.9-0.20201210154907-fd9021fe5dad/go.mod h1:cXg6YxExXjJnVBQHBLXeUAgxn2UodCpnH306RInaBQk=
github.com/envoyproxy/go-control-plane v0.9.9-0.20210217033140-668b12f5399d/go.mod h1:cXg6YxExXjJnVBQHBLXeUAgxn2UodCpnH306RInaBQk=
github.com/envoyproxy/go-control-plane v0.9.9-0.20210512163311-63b5d3c536b0/go.mod h1:hliV/p42l8fGbc6Y9bQ70uLwIvmJyVE5k4iMKlh8wCQ=
github.com/envoyproxy/go-control-plane v0.9.10-0.20210907150352-cf90f659a021/go.mod h1:AFq3mo9L8Lqqiid3OhADV3RfLJnjiw63cSpi+fDTRC0=
github.com/envoyproxy/go-control-plane v0.10.2-0.20220325020618-49ff273808a1/go.mod h1:KJwIaB5Mv44NWtYuAOFCVOjcI94vtpEz2JU/D2v6IjE=
github.com/envoyproxy/protoc-gen-validate v0.1.0/go.mod h1:iSmxcyjqTsJpI2R4NaDN7+kN2VEUnK/pcBlmesArF7c=

