# Generated by buf. DO NOT EDIT.
version: v1
deps:
  - remote: buf.build
    owner: cosmos
    repository: cosmos-proto
    commit: 04467658e59e44bbb22fe568206e1f70
  - remote: buf.build
    owner: cosmos
    repository: cosmos-sdk
    commit: 954f7b05f38440fc8250134b15adec47
  - remote: buf.build
    owner: cosmos
    repository: gogo-proto
    commit: 88ef6483f90f478fb938c37dde52ece3
  - remote: buf.build
    owner: googleapis
    repository: googleapis
    commit: 4ed3bc159a8b4ac68fe253218760d035
  - remote: buf.build
    owner: cosmos
    repository: ibc
    commit: f559baa46fdb47b3b9fb206dec05da1d
  - remote: buf.build
    owner: cosmos
    repository: ics23
    commit: dc427cb4519143d8996361c045a29ad7
