# Generated by buf. DO NOT EDIT.
version: v1
deps:
  - remote: buf.build
    owner: cosmos
    repository: cosmos-proto
    commit: 04467658e59e44bbb22fe568206e1f70
  - remote: buf.build
    owner: cosmos
    repository: cosmos-sdk
    commit: 8cb30a2c4de74dc9bd8d260b1e75e176
  - remote: buf.build
    owner: cosmos
    repository: gogo-proto
    commit: 88ef6483f90f478fb938c37dde52ece3
  - remote: buf.build
    owner: cosmos
    repository: ics23
    commit: 55085f7c710a45f58fa09947208eb70b
  - remote: buf.build
    owner: googleapis
    repository: googleapis
    commit: 4ed3bc159a8b4ac68fe253218760d035
  - remote: buf.build
    owner: joe-bowman
    repository: ibc
    commit: ff2eeb6090f54629bf6dbfe192bf4053
